
Microsoft Visual Studio Solution File, Format Version 12.00
# Visual Studio 15
VisualStudioVersion = 15.0.26124.0
MinimumVisualStudioVersion = 15.0.26124.0
Project("{2150E333-8FDC-42A3-9474-1A3956D46DE8}") = "src", "src", "{CE6A6897-A84D-4E07-9E9F-E8725D6D49AC}"
EndProject
Project("{9A19103F-16F7-4668-BE54-9A1E7A4F7556}") = "Weather.App.Tests", "src\Weather.App.Tests\Weather.App.Tests.csproj", "{B929BF84-7D18-486A-8BE7-73E25981B060}"
EndProject
Project("{2150E333-8FDC-42A3-9474-1A3956D46DE8}") = "Components", "Components", "{93F6EE96-E314-4142-AE33-C734A3BC5FF6}"
EndProject
Project("{9A19103F-16F7-4668-BE54-9A1E7A4F7556}") = "Blazor.Component.Widget", "src\Components\Blazor.Component.Widget\Blazor.Component.Widget.csproj", "{B6356862-917F-493D-9517-2EEF32DD935A}"
EndProject
Project("{2150E333-8FDC-42A3-9474-1A3956D46DE8}") = "Web", "Web", "{F190280B-EBD4-4BBA-824F-E662FFD84E93}"
EndProject
Project("{2150E333-8FDC-42A3-9474-1A3956D46DE8}") = "Client", "Client", "{5D2A8273-256F-4D1E-9ECF-292073FE7B9B}"
EndProject
Project("{FAE04EC0-301F-11D3-BF4B-00C04F79EFBC}") = "Weather.App", "src\Web\Client\Weather.App\Weather.App.csproj", "{0F24CAEC-1891-44B7-99BE-6D6F35D232C5}"
EndProject
Project("{2150E333-8FDC-42A3-9474-1A3956D46DE8}") = "Server", "Server", "{E9F22C42-E3AF-40D4-BED9-11BAFBE70430}"
EndProject
Project("{FAE04EC0-301F-11D3-BF4B-00C04F79EFBC}") = "Weather.App.Server", "src\Web\Server\Weather.App.Server\Weather.App.Server.csproj", "{16480E2E-C7F4-4C67-9401-1F33A3F921A7}"
EndProject
Global
	GlobalSection(SolutionConfigurationPlatforms) = preSolution
		Debug|Any CPU = Debug|Any CPU
		Debug|x64 = Debug|x64
		Debug|x86 = Debug|x86
		Release|Any CPU = Release|Any CPU
		Release|x64 = Release|x64
		Release|x86 = Release|x86
	EndGlobalSection
	GlobalSection(ProjectConfigurationPlatforms) = postSolution
		{B929BF84-7D18-486A-8BE7-73E25981B060}.Debug|Any CPU.ActiveCfg = Debug|Any CPU
		{B929BF84-7D18-486A-8BE7-73E25981B060}.Debug|Any CPU.Build.0 = Debug|Any CPU
		{B929BF84-7D18-486A-8BE7-73E25981B060}.Debug|x64.ActiveCfg = Debug|Any CPU
		{B929BF84-7D18-486A-8BE7-73E25981B060}.Debug|x64.Build.0 = Debug|Any CPU
		{B929BF84-7D18-486A-8BE7-73E25981B060}.Debug|x86.ActiveCfg = Debug|Any CPU
		{B929BF84-7D18-486A-8BE7-73E25981B060}.Debug|x86.Build.0 = Debug|Any CPU
		{B929BF84-7D18-486A-8BE7-73E25981B060}.Release|Any CPU.ActiveCfg = Release|Any CPU
		{B929BF84-7D18-486A-8BE7-73E25981B060}.Release|Any CPU.Build.0 = Release|Any CPU
		{B929BF84-7D18-486A-8BE7-73E25981B060}.Release|x64.ActiveCfg = Release|Any CPU
		{B929BF84-7D18-486A-8BE7-73E25981B060}.Release|x64.Build.0 = Release|Any CPU
		{B929BF84-7D18-486A-8BE7-73E25981B060}.Release|x86.ActiveCfg = Release|Any CPU
		{B929BF84-7D18-486A-8BE7-73E25981B060}.Release|x86.Build.0 = Release|Any CPU
		{B6356862-917F-493D-9517-2EEF32DD935A}.Debug|Any CPU.ActiveCfg = Debug|Any CPU
		{B6356862-917F-493D-9517-2EEF32DD935A}.Debug|Any CPU.Build.0 = Debug|Any CPU
		{B6356862-917F-493D-9517-2EEF32DD935A}.Debug|x64.ActiveCfg = Debug|Any CPU
		{B6356862-917F-493D-9517-2EEF32DD935A}.Debug|x64.Build.0 = Debug|Any CPU
		{B6356862-917F-493D-9517-2EEF32DD935A}.Debug|x86.ActiveCfg = Debug|Any CPU
		{B6356862-917F-493D-9517-2EEF32DD935A}.Debug|x86.Build.0 = Debug|Any CPU
		{B6356862-917F-493D-9517-2EEF32DD935A}.Release|Any CPU.ActiveCfg = Release|Any CPU
		{B6356862-917F-493D-9517-2EEF32DD935A}.Release|Any CPU.Build.0 = Release|Any CPU
		{B6356862-917F-493D-9517-2EEF32DD935A}.Release|x64.ActiveCfg = Release|Any CPU
		{B6356862-917F-493D-9517-2EEF32DD935A}.Release|x64.Build.0 = Release|Any CPU
		{B6356862-917F-493D-9517-2EEF32DD935A}.Release|x86.ActiveCfg = Release|Any CPU
		{B6356862-917F-493D-9517-2EEF32DD935A}.Release|x86.Build.0 = Release|Any CPU
		{0F24CAEC-1891-44B7-99BE-6D6F35D232C5}.Debug|Any CPU.ActiveCfg = Debug|Any CPU
		{0F24CAEC-1891-44B7-99BE-6D6F35D232C5}.Debug|Any CPU.Build.0 = Debug|Any CPU
		{0F24CAEC-1891-44B7-99BE-6D6F35D232C5}.Debug|x64.ActiveCfg = Debug|Any CPU
		{0F24CAEC-1891-44B7-99BE-6D6F35D232C5}.Debug|x64.Build.0 = Debug|Any CPU
		{0F24CAEC-1891-44B7-99BE-6D6F35D232C5}.Debug|x86.ActiveCfg = Debug|Any CPU
		{0F24CAEC-1891-44B7-99BE-6D6F35D232C5}.Debug|x86.Build.0 = Debug|Any CPU
		{0F24CAEC-1891-44B7-99BE-6D6F35D232C5}.Release|Any CPU.ActiveCfg = Release|Any CPU
		{0F24CAEC-1891-44B7-99BE-6D6F35D232C5}.Release|Any CPU.Build.0 = Release|Any CPU
		{0F24CAEC-1891-44B7-99BE-6D6F35D232C5}.Release|x64.ActiveCfg = Release|Any CPU
		{0F24CAEC-1891-44B7-99BE-6D6F35D232C5}.Release|x64.Build.0 = Release|Any CPU
		{0F24CAEC-1891-44B7-99BE-6D6F35D232C5}.Release|x86.ActiveCfg = Release|Any CPU
		{0F24CAEC-1891-44B7-99BE-6D6F35D232C5}.Release|x86.Build.0 = Release|Any CPU
		{16480E2E-C7F4-4C67-9401-1F33A3F921A7}.Debug|Any CPU.ActiveCfg = Debug|Any CPU
		{16480E2E-C7F4-4C67-9401-1F33A3F921A7}.Debug|Any CPU.Build.0 = Debug|Any CPU
		{16480E2E-C7F4-4C67-9401-1F33A3F921A7}.Debug|x64.ActiveCfg = Debug|Any CPU
		{16480E2E-C7F4-4C67-9401-1F33A3F921A7}.Debug|x64.Build.0 = Debug|Any CPU
		{16480E2E-C7F4-4C67-9401-1F33A3F921A7}.Debug|x86.ActiveCfg = Debug|Any CPU
		{16480E2E-C7F4-4C67-9401-1F33A3F921A7}.Debug|x86.Build.0 = Debug|Any CPU
		{16480E2E-C7F4-4C67-9401-1F33A3F921A7}.Release|Any CPU.ActiveCfg = Release|Any CPU
		{16480E2E-C7F4-4C67-9401-1F33A3F921A7}.Release|Any CPU.Build.0 = Release|Any CPU
		{16480E2E-C7F4-4C67-9401-1F33A3F921A7}.Release|x64.ActiveCfg = Release|Any CPU
		{16480E2E-C7F4-4C67-9401-1F33A3F921A7}.Release|x64.Build.0 = Release|Any CPU
		{16480E2E-C7F4-4C67-9401-1F33A3F921A7}.Release|x86.ActiveCfg = Release|Any CPU
		{16480E2E-C7F4-4C67-9401-1F33A3F921A7}.Release|x86.Build.0 = Release|Any CPU
	EndGlobalSection
	GlobalSection(SolutionProperties) = preSolution
		HideSolutionNode = FALSE
	EndGlobalSection
	GlobalSection(NestedProjects) = preSolution
		{B929BF84-7D18-486A-8BE7-73E25981B060} = {CE6A6897-A84D-4E07-9E9F-E8725D6D49AC}
		{93F6EE96-E314-4142-AE33-C734A3BC5FF6} = {CE6A6897-A84D-4E07-9E9F-E8725D6D49AC}
		{B6356862-917F-493D-9517-2EEF32DD935A} = {93F6EE96-E314-4142-AE33-C734A3BC5FF6}
		{F190280B-EBD4-4BBA-824F-E662FFD84E93} = {CE6A6897-A84D-4E07-9E9F-E8725D6D49AC}
		{5D2A8273-256F-4D1E-9ECF-292073FE7B9B} = {F190280B-EBD4-4BBA-824F-E662FFD84E93}
		{0F24CAEC-1891-44B7-99BE-6D6F35D232C5} = {5D2A8273-256F-4D1E-9ECF-292073FE7B9B}
		{E9F22C42-E3AF-40D4-BED9-11BAFBE70430} = {F190280B-EBD4-4BBA-824F-E662FFD84E93}
		{16480E2E-C7F4-4C67-9401-1F33A3F921A7} = {E9F22C42-E3AF-40D4-BED9-11BAFBE70430}
	EndGlobalSection
	GlobalSection(ExtensibilityGlobals) = postSolution
		SolutionGuid = {EB7D6933-1E46-43AD-ACFB-CC0C3777BB7E}
	EndGlobalSection
EndGlobal
